
Microsoft Visual Studio Solution File, Format Version 12.00
# Visual Studio Version 17
VisualStudioVersion = 17.12.35424.110
MinimumVisualStudioVersion = 10.0.40219.1
Project("{2150E333-8FDC-42A3-9474-1A3956D46DE8}") = "Services", "Services", "{3801F16C-D844-4010-B5EA-013F3FE6B087}"
EndProject
Project("{2150E333-8FDC-42A3-9474-1A3956D46DE8}") = "Catalog", "Catalog", "{04659C16-64FE-40D1-A54B-3BF77429F75B}"
EndProject
Project("{FAE04EC0-301F-11D3-BF4B-00C04F79EFBC}") = "Catalog.API", "Services\Catalog\Catalog.API\Catalog.API.csproj", "{D8BCE35E-7F99-4455-81C3-34A3BAA45A53}"
EndProject
Project("{2150E333-8FDC-42A3-9474-1A3956D46DE8}") = "BuildlingBlocks", "BuildlingBlocks", "{684D1BD1-EDCC-4EC5-8728-4A9BB785CE54}"
EndProject
Project("{FAE04EC0-301F-11D3-BF4B-00C04F79EFBC}") = "BuildingBlocks", "BuildingBlocks\BuildingBlocks\BuildingBlocks.csproj", "{D0340F97-8696-4EDF-ACA6-42C1AC9367B0}"
EndProject
Project("{E53339B2-1760-4266-BCC7-CA923CBCF16C}") = "docker-compose", "docker-compose.dcproj", "{AF23C788-D1B7-4067-88D8-07813661FA98}"
EndProject
Project("{2150E333-8FDC-42A3-9474-1A3956D46DE8}") = "Basket", "Basket", "{50E2C8D9-24B6-4362-9394-A13CCAE6573A}"
EndProject
Project("{FAE04EC0-301F-11D3-BF4B-00C04F79EFBC}") = "Basket.API", "Services\Basket\Basket.API\Basket.API.csproj", "{786BC0C7-BC82-439D-8262-BB9F774030A3}"
EndProject
Global
	GlobalSection(SolutionConfigurationPlatforms) = preSolution
		Debug|Any CPU = Debug|Any CPU
		Release|Any CPU = Release|Any CPU
	EndGlobalSection
	GlobalSection(ProjectConfigurationPlatforms) = postSolution
		{D8BCE35E-7F99-4455-81C3-34A3BAA45A53}.Debug|Any CPU.ActiveCfg = Debug|Any CPU
		{D8BCE35E-7F99-4455-81C3-34A3BAA45A53}.Debug|Any CPU.Build.0 = Debug|Any CPU
		{D8BCE35E-7F99-4455-81C3-34A3BAA45A53}.Release|Any CPU.ActiveCfg = Release|Any CPU
		{D8BCE35E-7F99-4455-81C3-34A3BAA45A53}.Release|Any CPU.Build.0 = Release|Any CPU
		{D0340F97-8696-4EDF-ACA6-42C1AC9367B0}.Debug|Any CPU.ActiveCfg = Debug|Any CPU
		{D0340F97-8696-4EDF-ACA6-42C1AC9367B0}.Debug|Any CPU.Build.0 = Debug|Any CPU
		{D0340F97-8696-4EDF-ACA6-42C1AC9367B0}.Release|Any CPU.ActiveCfg = Release|Any CPU
		{D0340F97-8696-4EDF-ACA6-42C1AC9367B0}.Release|Any CPU.Build.0 = Release|Any CPU
		{AF23C788-D1B7-4067-88D8-07813661FA98}.Debug|Any CPU.ActiveCfg = Debug|Any CPU
		{AF23C788-D1B7-4067-88D8-07813661FA98}.Debug|Any CPU.Build.0 = Debug|Any CPU
		{AF23C788-D1B7-4067-88D8-07813661FA98}.Release|Any CPU.ActiveCfg = Release|Any CPU
		{AF23C788-D1B7-4067-88D8-07813661FA98}.Release|Any CPU.Build.0 = Release|Any CPU
		{786BC0C7-BC82-439D-8262-BB9F774030A3}.Debug|Any CPU.ActiveCfg = Debug|Any CPU
		{786BC0C7-BC82-439D-8262-BB9F774030A3}.Debug|Any CPU.Build.0 = Debug|Any CPU
		{786BC0C7-BC82-439D-8262-BB9F774030A3}.Release|Any CPU.ActiveCfg = Release|Any CPU
		{786BC0C7-BC82-439D-8262-BB9F774030A3}.Release|Any CPU.Build.0 = Release|Any CPU
	EndGlobalSection
	GlobalSection(SolutionProperties) = preSolution
		HideSolutionNode = FALSE
	EndGlobalSection
	GlobalSection(NestedProjects) = preSolution
		{04659C16-64FE-40D1-A54B-3BF77429F75B} = {3801F16C-D844-4010-B5EA-013F3FE6B087}
		{D8BCE35E-7F99-4455-81C3-34A3BAA45A53} = {04659C16-64FE-40D1-A54B-3BF77429F75B}
		{D0340F97-8696-4EDF-ACA6-42C1AC9367B0} = {684D1BD1-EDCC-4EC5-8728-4A9BB785CE54}
		{50E2C8D9-24B6-4362-9394-A13CCAE6573A} = {3801F16C-D844-4010-B5EA-013F3FE6B087}
		{786BC0C7-BC82-439D-8262-BB9F774030A3} = {50E2C8D9-24B6-4362-9394-A13CCAE6573A}
	EndGlobalSection
EndGlobal
