
Microsoft Visual Studio Solution File, Format Version 12.00
# Visual Studio Version 17
VisualStudioVersion = 17.12.35424.110
MinimumVisualStudioVersion = 10.0.40219.1
Project("{2150E333-8FDC-42A3-9474-1A3956D46DE8}") = "Services", "Services", "{3801F16C-D844-4010-B5EA-013F3FE6B087}"
EndProject
Project("{2150E333-8FDC-42A3-9474-1A3956D46DE8}") = "Catalog", "Catalog", "{04659C16-64FE-40D1-A54B-3BF77429F75B}"
EndProject
Project("{FAE04EC0-301F-11D3-BF4B-00C04F79EFBC}") = "Catalog.API", "Services\Catalog\Catalog.API\Catalog.API.csproj", "{D8BCE35E-7F99-4455-81C3-34A3BAA45A53}"
EndProject
Project("{2150E333-8FDC-42A3-9474-1A3956D46DE8}") = "BuildlingBlocks", "BuildlingBlocks", "{684D1BD1-EDCC-4EC5-8728-4A9BB785CE54}"
EndProject
Project("{FAE04EC0-301F-11D3-BF4B-00C04F79EFBC}") = "BuildingBlocks", "BuildingBlocks\BuildingBlocks\BuildingBlocks.csproj", "{D0340F97-8696-4EDF-ACA6-42C1AC9367B0}"
EndProject
Project("{E53339B2-1760-4266-BCC7-CA923CBCF16C}") = "docker-compose", "docker-compose.dcproj", "{AF23C788-D1B7-4067-88D8-07813661FA98}"
EndProject
Project("{2150E333-8FDC-42A3-9474-1A3956D46DE8}") = "Basket", "Basket", "{50E2C8D9-24B6-4362-9394-A13CCAE6573A}"
EndProject
Project("{FAE04EC0-301F-11D3-BF4B-00C04F79EFBC}") = "Basket.API", "Services\Basket\Basket.API\Basket.API.csproj", "{786BC0C7-BC82-439D-8262-BB9F774030A3}"
EndProject
Project("{2150E333-8FDC-42A3-9474-1A3956D46DE8}") = "Discount", "Discount", "{C16B8681-D02D-4380-AE85-576EF12F6D88}"
EndProject
Project("{FAE04EC0-301F-11D3-BF4B-00C04F79EFBC}") = "Discount.Grpc", "Services\Discount\Discount.Grpc\Discount.Grpc.csproj", "{C35C53B8-BA12-4E25-8CCF-2465A841D4E5}"
EndProject
Project("{2150E333-8FDC-42A3-9474-1A3956D46DE8}") = "Ordering", "Ordering", "{73F3BCD4-D491-47F6-9F54-39C7C93B7ADF}"
EndProject
Project("{FAE04EC0-301F-11D3-BF4B-00C04F79EFBC}") = "Ordering.API", "Services\Ordering\Ordering.API\Ordering.API.csproj", "{52990F86-54E7-4A55-9D7A-B7FA3680F9E7}"
EndProject
Project("{FAE04EC0-301F-11D3-BF4B-00C04F79EFBC}") = "Ordering.Domain", "Services\Ordering\Ordering.Domain\Ordering.Domain.csproj", "{D9F8CABC-F7EC-419C-83E7-E42743264CDE}"
EndProject
Project("{FAE04EC0-301F-11D3-BF4B-00C04F79EFBC}") = "Ordering.Application", "Services\Ordering\Ordering.Application\Ordering.Application.csproj", "{C924C61E-EB43-48A3-8D1E-EE33C0B6B6FF}"
EndProject
Project("{FAE04EC0-301F-11D3-BF4B-00C04F79EFBC}") = "Ordering.Infrastructure", "Services\Ordering\Ordering.Infrastructure\Ordering.Infrastructure.csproj", "{DB99E7CD-21A1-48D1-B539-A101A352FA83}"
EndProject
Project("{FAE04EC0-301F-11D3-BF4B-00C04F79EFBC}") = "BuildingBlocks.Messaging", "BuildingBlocks\BuildingBlocks.Messaging\BuildingBlocks.Messaging.csproj", "{9B68A7B9-6A61-4D47-BCA2-FE6E7CE27DF8}"
EndProject
Global
	GlobalSection(SolutionConfigurationPlatforms) = preSolution
		Debug|Any CPU = Debug|Any CPU
		Release|Any CPU = Release|Any CPU
	EndGlobalSection
	GlobalSection(ProjectConfigurationPlatforms) = postSolution
		{D8BCE35E-7F99-4455-81C3-34A3BAA45A53}.Debug|Any CPU.ActiveCfg = Debug|Any CPU
		{D8BCE35E-7F99-4455-81C3-34A3BAA45A53}.Debug|Any CPU.Build.0 = Debug|Any CPU
		{D8BCE35E-7F99-4455-81C3-34A3BAA45A53}.Release|Any CPU.ActiveCfg = Release|Any CPU
		{D8BCE35E-7F99-4455-81C3-34A3BAA45A53}.Release|Any CPU.Build.0 = Release|Any CPU
		{D0340F97-8696-4EDF-ACA6-42C1AC9367B0}.Debug|Any CPU.ActiveCfg = Debug|Any CPU
		{D0340F97-8696-4EDF-ACA6-42C1AC9367B0}.Debug|Any CPU.Build.0 = Debug|Any CPU
		{D0340F97-8696-4EDF-ACA6-42C1AC9367B0}.Release|Any CPU.ActiveCfg = Release|Any CPU
		{D0340F97-8696-4EDF-ACA6-42C1AC9367B0}.Release|Any CPU.Build.0 = Release|Any CPU
		{AF23C788-D1B7-4067-88D8-07813661FA98}.Debug|Any CPU.ActiveCfg = Debug|Any CPU
		{AF23C788-D1B7-4067-88D8-07813661FA98}.Debug|Any CPU.Build.0 = Debug|Any CPU
		{AF23C788-D1B7-4067-88D8-07813661FA98}.Release|Any CPU.ActiveCfg = Release|Any CPU
		{AF23C788-D1B7-4067-88D8-07813661FA98}.Release|Any CPU.Build.0 = Release|Any CPU
		{786BC0C7-BC82-439D-8262-BB9F774030A3}.Debug|Any CPU.ActiveCfg = Debug|Any CPU
		{786BC0C7-BC82-439D-8262-BB9F774030A3}.Debug|Any CPU.Build.0 = Debug|Any CPU
		{786BC0C7-BC82-439D-8262-BB9F774030A3}.Release|Any CPU.ActiveCfg = Release|Any CPU
		{786BC0C7-BC82-439D-8262-BB9F774030A3}.Release|Any CPU.Build.0 = Release|Any CPU
		{C35C53B8-BA12-4E25-8CCF-2465A841D4E5}.Debug|Any CPU.ActiveCfg = Debug|Any CPU
		{C35C53B8-BA12-4E25-8CCF-2465A841D4E5}.Debug|Any CPU.Build.0 = Debug|Any CPU
		{C35C53B8-BA12-4E25-8CCF-2465A841D4E5}.Release|Any CPU.ActiveCfg = Release|Any CPU
		{C35C53B8-BA12-4E25-8CCF-2465A841D4E5}.Release|Any CPU.Build.0 = Release|Any CPU
		{52990F86-54E7-4A55-9D7A-B7FA3680F9E7}.Debug|Any CPU.ActiveCfg = Debug|Any CPU
		{52990F86-54E7-4A55-9D7A-B7FA3680F9E7}.Debug|Any CPU.Build.0 = Debug|Any CPU
		{52990F86-54E7-4A55-9D7A-B7FA3680F9E7}.Release|Any CPU.ActiveCfg = Release|Any CPU
		{52990F86-54E7-4A55-9D7A-B7FA3680F9E7}.Release|Any CPU.Build.0 = Release|Any CPU
		{D9F8CABC-F7EC-419C-83E7-E42743264CDE}.Debug|Any CPU.ActiveCfg = Debug|Any CPU
		{D9F8CABC-F7EC-419C-83E7-E42743264CDE}.Debug|Any CPU.Build.0 = Debug|Any CPU
		{D9F8CABC-F7EC-419C-83E7-E42743264CDE}.Release|Any CPU.ActiveCfg = Release|Any CPU
		{D9F8CABC-F7EC-419C-83E7-E42743264CDE}.Release|Any CPU.Build.0 = Release|Any CPU
		{C924C61E-EB43-48A3-8D1E-EE33C0B6B6FF}.Debug|Any CPU.ActiveCfg = Debug|Any CPU
		{C924C61E-EB43-48A3-8D1E-EE33C0B6B6FF}.Debug|Any CPU.Build.0 = Debug|Any CPU
		{C924C61E-EB43-48A3-8D1E-EE33C0B6B6FF}.Release|Any CPU.ActiveCfg = Release|Any CPU
		{C924C61E-EB43-48A3-8D1E-EE33C0B6B6FF}.Release|Any CPU.Build.0 = Release|Any CPU
		{DB99E7CD-21A1-48D1-B539-A101A352FA83}.Debug|Any CPU.ActiveCfg = Debug|Any CPU
		{DB99E7CD-21A1-48D1-B539-A101A352FA83}.Debug|Any CPU.Build.0 = Debug|Any CPU
		{DB99E7CD-21A1-48D1-B539-A101A352FA83}.Release|Any CPU.ActiveCfg = Release|Any CPU
		{DB99E7CD-21A1-48D1-B539-A101A352FA83}.Release|Any CPU.Build.0 = Release|Any CPU
		{9B68A7B9-6A61-4D47-BCA2-FE6E7CE27DF8}.Debug|Any CPU.ActiveCfg = Debug|Any CPU
		{9B68A7B9-6A61-4D47-BCA2-FE6E7CE27DF8}.Debug|Any CPU.Build.0 = Debug|Any CPU
		{9B68A7B9-6A61-4D47-BCA2-FE6E7CE27DF8}.Release|Any CPU.ActiveCfg = Release|Any CPU
		{9B68A7B9-6A61-4D47-BCA2-FE6E7CE27DF8}.Release|Any CPU.Build.0 = Release|Any CPU
	EndGlobalSection
	GlobalSection(SolutionProperties) = preSolution
		HideSolutionNode = FALSE
	EndGlobalSection
	GlobalSection(NestedProjects) = preSolution
		{04659C16-64FE-40D1-A54B-3BF77429F75B} = {3801F16C-D844-4010-B5EA-013F3FE6B087}
		{D8BCE35E-7F99-4455-81C3-34A3BAA45A53} = {04659C16-64FE-40D1-A54B-3BF77429F75B}
		{D0340F97-8696-4EDF-ACA6-42C1AC9367B0} = {684D1BD1-EDCC-4EC5-8728-4A9BB785CE54}
		{50E2C8D9-24B6-4362-9394-A13CCAE6573A} = {3801F16C-D844-4010-B5EA-013F3FE6B087}
		{786BC0C7-BC82-439D-8262-BB9F774030A3} = {50E2C8D9-24B6-4362-9394-A13CCAE6573A}
		{C16B8681-D02D-4380-AE85-576EF12F6D88} = {3801F16C-D844-4010-B5EA-013F3FE6B087}
		{C35C53B8-BA12-4E25-8CCF-2465A841D4E5} = {C16B8681-D02D-4380-AE85-576EF12F6D88}
		{73F3BCD4-D491-47F6-9F54-39C7C93B7ADF} = {3801F16C-D844-4010-B5EA-013F3FE6B087}
		{52990F86-54E7-4A55-9D7A-B7FA3680F9E7} = {73F3BCD4-D491-47F6-9F54-39C7C93B7ADF}
		{D9F8CABC-F7EC-419C-83E7-E42743264CDE} = {73F3BCD4-D491-47F6-9F54-39C7C93B7ADF}
		{C924C61E-EB43-48A3-8D1E-EE33C0B6B6FF} = {73F3BCD4-D491-47F6-9F54-39C7C93B7ADF}
		{DB99E7CD-21A1-48D1-B539-A101A352FA83} = {73F3BCD4-D491-47F6-9F54-39C7C93B7ADF}
		{9B68A7B9-6A61-4D47-BCA2-FE6E7CE27DF8} = {684D1BD1-EDCC-4EC5-8728-4A9BB785CE54}
	EndGlobalSection
EndGlobal
